
Microsoft Visual Studio Solution File, Format Version 12.00
# Visual Studio Version 17
VisualStudioVersion = 17.8.34309.116
MinimumVisualStudioVersion = 10.0.40219.1
Project("{FAE04EC0-301F-11D3-BF4B-00C04F79EFBC}") = "SourceGenHelper", "SourceGenHelper\SourceGenHelper.csproj", "{B02EB23C-BF35-4109-980E-0337EAA3677A}"
EndProject
Global
	GlobalSection(SolutionConfigurationPlatforms) = preSolution
		Debug|Any CPU = Debug|Any CPU
		Release|Any CPU = Release|Any CPU
	EndGlobalSection
	GlobalSection(ProjectConfigurationPlatforms) = postSolution
		{B02EB23C-BF35-4109-980E-0337EAA3677A}.Debug|Any CPU.ActiveCfg = Debug|Any CPU
		{B02EB23C-BF35-4109-980E-0337EAA3677A}.Debug|Any CPU.Build.0 = Debug|Any CPU
		{B02EB23C-BF35-4109-980E-0337EAA3677A}.Release|Any CPU.ActiveCfg = Release|Any CPU
		{B02EB23C-BF35-4109-980E-0337EAA3677A}.Release|Any CPU.Build.0 = Release|Any CPU
	EndGlobalSection
	GlobalSection(SolutionProperties) = preSolution
		HideSolutionNode = FALSE
	EndGlobalSection
	GlobalSection(ExtensibilityGlobals) = postSolution
		SolutionGuid = {19C29E3F-C443-40DB-BDDE-C17D1D7BD2E8}
	EndGlobalSection
EndGlobal
